// !$*UTF8*$!
{
	archiveVersion = 1;
	classes = {
	};
	objectVersion = 50;
	objects = {

/* Begin PBXBuildFile section */
		053DF1FB26B0E5AA00D92E0D /* CupCake_CornerApp.swift in Sources */ = {isa = PBXBuildFile; fileRef = 053DF1FA26B0E5AA00D92E0D /* CupCake_CornerApp.swift */; };
		053DF1FD26B0E5AA00D92E0D /* ContentView.swift in Sources */ = {isa = PBXBuildFile; fileRef = 053DF1FC26B0E5AA00D92E0D /* ContentView.swift */; };
		053DF1FF26B0E5AB00D92E0D /* Assets.xcassets in Resources */ = {isa = PBXBuildFile; fileRef = 053DF1FE26B0E5AB00D92E0D /* Assets.xcassets */; };
		053DF20226B0E5AB00D92E0D /* Preview Assets.xcassets in Resources */ = {isa = PBXBuildFile; fileRef = 053DF20126B0E5AB00D92E0D /* Preview Assets.xcassets */; };
		053DF20D26B0E5AB00D92E0D /* CupCake_CornerTests.swift in Sources */ = {isa = PBXBuildFile; fileRef = 053DF20C26B0E5AB00D92E0D /* CupCake_CornerTests.swift */; };
		053DF21826B0E5AB00D92E0D /* CupCake_CornerUITests.swift in Sources */ = {isa = PBXBuildFile; fileRef = 053DF21726B0E5AB00D92E0D /* CupCake_CornerUITests.swift */; };
/* End PBXBuildFile section */

/* Begin PBXContainerItemProxy section */
		053DF20926B0E5AB00D92E0D /* PBXContainerItemProxy */ = {
			isa = PBXContainerItemProxy;
			containerPortal = 053DF1EF26B0E5AA00D92E0D /* Project object */;
			proxyType = 1;
			remoteGlobalIDString = 053DF1F626B0E5AA00D92E0D;
			remoteInfo = "CupCake Corner";
		};
		053DF21426B0E5AB00D92E0D /* PBXContainerItemProxy */ = {
			isa = PBXContainerItemProxy;
			containerPortal = 053DF1EF26B0E5AA00D92E0D /* Project object */;
			proxyType = 1;
			remoteGlobalIDString = 053DF1F626B0E5AA00D92E0D;
			remoteInfo = "CupCake Corner";
		};
/* End PBXContainerItemProxy section */

/* Begin PBXFileReference section */
		053DF1F726B0E5AA00D92E0D /* CupCake Corner.app */ = {isa = PBXFileReference; explicitFileType = wrapper.application; includeInIndex = 0; path = "CupCake Corner.app"; sourceTree = BUILT_PRODUCTS_DIR; };
		053DF1FA26B0E5AA00D92E0D /* CupCake_CornerApp.swift */ = {isa = PBXFileReference; lastKnownFileType = sourcecode.swift; path = CupCake_CornerApp.swift; sourceTree = "<group>"; };
		053DF1FC26B0E5AA00D92E0D /* ContentView.swift */ = {isa = PBXFileReference; lastKnownFileType = sourcecode.swift; path = ContentView.swift; sourceTree = "<group>"; };
		053DF1FE26B0E5AB00D92E0D /* Assets.xcassets */ = {isa = PBXFileReference; lastKnownFileType = folder.assetcatalog; path = Assets.xcassets; sourceTree = "<group>"; };
		053DF20126B0E5AB00D92E0D /* Preview Assets.xcassets */ = {isa = PBXFileReference; lastKnownFileType = folder.assetcatalog; path = "Preview Assets.xcassets"; sourceTree = "<group>"; };
		053DF20326B0E5AB00D92E0D /* Info.plist */ = {isa = PBXFileReference; lastKnownFileType = text.plist.xml; path = Info.plist; sourceTree = "<group>"; };
		053DF20826B0E5AB00D92E0D /* CupCake CornerTests.xctest */ = {isa = PBXFileReference; explicitFileType = wrapper.cfbundle; includeInIndex = 0; path = "CupCake CornerTests.xctest"; sourceTree = BUILT_PRODUCTS_DIR; };
		053DF20C26B0E5AB00D92E0D /* CupCake_CornerTests.swift */ = {isa = PBXFileReference; lastKnownFileType = sourcecode.swift; path = CupCake_CornerTests.swift; sourceTree = "<group>"; };
		053DF20E26B0E5AB00D92E0D /* Info.plist */ = {isa = PBXFileReference; lastKnownFileType = text.plist.xml; path = Info.plist; sourceTree = "<group>"; };
		053DF21326B0E5AB00D92E0D /* CupCake CornerUITests.xctest */ = {isa = PBXFileReference; explicitFileType = wrapper.cfbundle; includeInIndex = 0; path = "CupCake CornerUITests.xctest"; sourceTree = BUILT_PRODUCTS_DIR; };
		053DF21726B0E5AB00D92E0D /* CupCake_CornerUITests.swift */ = {isa = PBXFileReference; lastKnownFileType = sourcecode.swift; path = CupCake_CornerUITests.swift; sourceTree = "<group>"; };
		053DF21926B0E5AB00D92E0D /* Info.plist */ = {isa = PBXFileReference; lastKnownFileType = text.plist.xml; path = Info.plist; sourceTree = "<group>"; };
/* End PBXFileReference section */

/* Begin PBXFrameworksBuildPhase section */
		053DF1F426B0E5AA00D92E0D /* Frameworks */ = {
			isa = PBXFrameworksBuildPhase;
			buildActionMask = 2147483647;
			files = (
			);
			runOnlyForDeploymentPostprocessing = 0;
		};
		053DF20526B0E5AB00D92E0D /* Frameworks */ = {
			isa = PBXFrameworksBuildPhase;
			buildActionMask = 2147483647;
			files = (
			);
			runOnlyForDeploymentPostprocessing = 0;
		};
		053DF21026B0E5AB00D92E0D /* Frameworks */ = {
			isa = PBXFrameworksBuildPhase;
			buildActionMask = 2147483647;
			files = (
			);
			runOnlyForDeploymentPostprocessing = 0;
		};
/* End PBXFrameworksBuildPhase section */

/* Begin PBXGroup section */
		053DF1EE26B0E5AA00D92E0D = {
			isa = PBXGroup;
			children = (
				053DF1F926B0E5AA00D92E0D /* CupCake Corner */,
				053DF20B26B0E5AB00D92E0D /* CupCake CornerTests */,
				053DF21626B0E5AB00D92E0D /* CupCake CornerUITests */,
				053DF1F826B0E5AA00D92E0D /* Products */,
			);
			sourceTree = "<group>";
		};
		053DF1F826B0E5AA00D92E0D /* Products */ = {
			isa = PBXGroup;
			children = (
				053DF1F726B0E5AA00D92E0D /* CupCake Corner.app */,
				053DF20826B0E5AB00D92E0D /* CupCake CornerTests.xctest */,
				053DF21326B0E5AB00D92E0D /* CupCake CornerUITests.xctest */,
			);
			name = Products;
			sourceTree = "<group>";
		};
		053DF1F926B0E5AA00D92E0D /* CupCake Corner */ = {
			isa = PBXGroup;
			children = (
				053DF1FA26B0E5AA00D92E0D /* CupCake_CornerApp.swift */,
				053DF1FC26B0E5AA00D92E0D /* ContentView.swift */,
				053DF1FE26B0E5AB00D92E0D /* Assets.xcassets */,
				053DF20326B0E5AB00D92E0D /* Info.plist */,
				053DF20026B0E5AB00D92E0D /* Preview Content */,
			);
			path = "CupCake Corner";
			sourceTree = "<group>";
		};
		053DF20026B0E5AB00D92E0D /* Preview Content */ = {
			isa = PBXGroup;
			children = (
				053DF20126B0E5AB00D92E0D /* Preview Assets.xcassets */,
			);
			path = "Preview Content";
			sourceTree = "<group>";
		};
		053DF20B26B0E5AB00D92E0D /* CupCake CornerTests */ = {
			isa = PBXGroup;
			children = (
				053DF20C26B0E5AB00D92E0D /* CupCake_CornerTests.swift */,
				053DF20E26B0E5AB00D92E0D /* Info.plist */,
			);
			path = "CupCake CornerTests";
			sourceTree = "<group>";
		};
		053DF21626B0E5AB00D92E0D /* CupCake CornerUITests */ = {
			isa = PBXGroup;
			children = (
				053DF21726B0E5AB00D92E0D /* CupCake_CornerUITests.swift */,
				053DF21926B0E5AB00D92E0D /* Info.plist */,
			);
			path = "CupCake CornerUITests";
			sourceTree = "<group>";
		};
/* End PBXGroup section */

/* Begin PBXNativeTarget section */
		053DF1F626B0E5AA00D92E0D /* CupCake Corner */ = {
			isa = PBXNativeTarget;
			buildConfigurationList = 053DF21C26B0E5AB00D92E0D /* Build configuration list for PBXNativeTarget "CupCake Corner" */;
			buildPhases = (
				053DF1F326B0E5AA00D92E0D /* Sources */,
				053DF1F426B0E5AA00D92E0D /* Frameworks */,
				053DF1F526B0E5AA00D92E0D /* Resources */,
			);
			buildRules = (
			);
			dependencies = (
			);
			name = "CupCake Corner";
			productName = "CupCake Corner";
			productReference = 053DF1F726B0E5AA00D92E0D /* CupCake Corner.app */;
			productType = "com.apple.product-type.application";
		};
		053DF20726B0E5AB00D92E0D /* CupCake CornerTests */ = {
			isa = PBXNativeTarget;
			buildConfigurationList = 053DF21F26B0E5AB00D92E0D /* Build configuration list for PBXNativeTarget "CupCake CornerTests" */;
			buildPhases = (
				053DF20426B0E5AB00D92E0D /* Sources */,
				053DF20526B0E5AB00D92E0D /* Frameworks */,
				053DF20626B0E5AB00D92E0D /* Resources */,
			);
			buildRules = (
			);
			dependencies = (
				053DF20A26B0E5AB00D92E0D /* PBXTargetDependency */,
			);
			name = "CupCake CornerTests";
			productName = "CupCake CornerTests";
			productReference = 053DF20826B0E5AB00D92E0D /* CupCake CornerTests.xctest */;
			productType = "com.apple.product-type.bundle.unit-test";
		};
		053DF21226B0E5AB00D92E0D /* CupCake CornerUITests */ = {
			isa = PBXNativeTarget;
			buildConfigurationList = 053DF22226B0E5AB00D92E0D /* Build configuration list for PBXNativeTarget "CupCake CornerUITests" */;
			buildPhases = (
				053DF20F26B0E5AB00D92E0D /* Sources */,
				053DF21026B0E5AB00D92E0D /* Frameworks */,
				053DF21126B0E5AB00D92E0D /* Resources */,
			);
			buildRules = (
			);
			dependencies = (
				053DF21526B0E5AB00D92E0D /* PBXTargetDependency */,
			);
			name = "CupCake CornerUITests";
			productName = "CupCake CornerUITests";
			productReference = 053DF21326B0E5AB00D92E0D /* CupCake CornerUITests.xctest */;
			productType = "com.apple.product-type.bundle.ui-testing";
		};
/* End PBXNativeTarget section */

/* Begin PBXProject section */
		053DF1EF26B0E5AA00D92E0D /* Project object */ = {
			isa = PBXProject;
			attributes = {
				LastSwiftUpdateCheck = 1250;
				LastUpgradeCheck = 1250;
				TargetAttributes = {
					053DF1F626B0E5AA00D92E0D = {
						CreatedOnToolsVersion = 12.5.1;
					};
					053DF20726B0E5AB00D92E0D = {
						CreatedOnToolsVersion = 12.5.1;
						TestTargetID = 053DF1F626B0E5AA00D92E0D;
					};
					053DF21226B0E5AB00D92E0D = {
						CreatedOnToolsVersion = 12.5.1;
						TestTargetID = 053DF1F626B0E5AA00D92E0D;
					};
				};
			};
			buildConfigurationList = 053DF1F226B0E5AA00D92E0D /* Build configuration list for PBXProject "CupCake Corner" */;
			compatibilityVersion = "Xcode 9.3";
			developmentRegion = en;
			hasScannedForEncodings = 0;
			knownRegions = (
				en,
				Base,
			);
			mainGroup = 053DF1EE26B0E5AA00D92E0D;
			productRefGroup = 053DF1F826B0E5AA00D92E0D /* Products */;
			projectDirPath = "";
			projectRoot = "";
			targets = (
				053DF1F626B0E5AA00D92E0D /* CupCake Corner */,
				053DF20726B0E5AB00D92E0D /* CupCake CornerTests */,
				053DF21226B0E5AB00D92E0D /* CupCake CornerUITests */,
			);
		};
/* End PBXProject section */

/* Begin PBXResourcesBuildPhase section */
		053DF1F526B0E5AA00D92E0D /* Resources */ = {
			isa = PBXResourcesBuildPhase;
			buildActionMask = 2147483647;
			files = (
				053DF20226B0E5AB00D92E0D /* Preview Assets.xcassets in Resources */,
				053DF1FF26B0E5AB00D92E0D /* Assets.xcassets in Resources */,
			);
			runOnlyForDeploymentPostprocessing = 0;
		};
		053DF20626B0E5AB00D92E0D /* Resources */ = {
			isa = PBXResourcesBuildPhase;
			buildActionMask = 2147483647;
			files = (
			);
			runOnlyForDeploymentPostprocessing = 0;
		};
		053DF21126B0E5AB00D92E0D /* Resources */ = {
			isa = PBXResourcesBuildPhase;
			buildActionMask = 2147483647;
			files = (
			);
			runOnlyForDeploymentPostprocessing = 0;
		};
/* End PBXResourcesBuildPhase section */

/* Begin PBXSourcesBuildPhase section */
		053DF1F326B0E5AA00D92E0D /* Sources */ = {
			isa = PBXSourcesBuildPhase;
			buildActionMask = 2147483647;
			files = (
				053DF1FD26B0E5AA00D92E0D /* ContentView.swift in Sources */,
				053DF1FB26B0E5AA00D92E0D /* CupCake_CornerApp.swift in Sources */,
			);
			runOnlyForDeploymentPostprocessing = 0;
		};
		053DF20426B0E5AB00D92E0D /* Sources */ = {
			isa = PBXSourcesBuildPhase;
			buildActionMask = 2147483647;
			files = (
				053DF20D26B0E5AB00D92E0D /* CupCake_CornerTests.swift in Sources */,
			);
			runOnlyForDeploymentPostprocessing = 0;
		};
		053DF20F26B0E5AB00D92E0D /* Sources */ = {
			isa = PBXSourcesBuildPhase;
			buildActionMask = 2147483647;
			files = (
				053DF21826B0E5AB00D92E0D /* CupCake_CornerUITests.swift in Sources */,
			);
			runOnlyForDeploymentPostprocessing = 0;
		};
/* End PBXSourcesBuildPhase section */

/* Begin PBXTargetDependency section */
		053DF20A26B0E5AB00D92E0D /* PBXTargetDependency */ = {
			isa = PBXTargetDependency;
			target = 053DF1F626B0E5AA00D92E0D /* CupCake Corner */;
			targetProxy = 053DF20926B0E5AB00D92E0D /* PBXContainerItemProxy */;
		};
		053DF21526B0E5AB00D92E0D /* PBXTargetDependency */ = {
			isa = PBXTargetDependency;
			target = 053DF1F626B0E5AA00D92E0D /* CupCake Corner */;
			targetProxy = 053DF21426B0E5AB00D92E0D /* PBXContainerItemProxy */;
		};
/* End PBXTargetDependency section */

/* Begin XCBuildConfiguration section */
		053DF21A26B0E5AB00D92E0D /* Debug */ = {
			isa = XCBuildConfiguration;
			buildSettings = {
				ALWAYS_SEARCH_USER_PATHS = NO;
				CLANG_ANALYZER_NONNULL = YES;
				CLANG_ANALYZER_NUMBER_OBJECT_CONVERSION = YES_AGGRESSIVE;
				CLANG_CXX_LANGUAGE_STANDARD = "gnu++14";
				CLANG_CXX_LIBRARY = "libc++";
				CLANG_ENABLE_MODULES = YES;
				CLANG_ENABLE_OBJC_ARC = YES;
				CLANG_ENABLE_OBJC_WEAK = YES;
				CLANG_WARN_BLOCK_CAPTURE_AUTORELEASING = YES;
				CLANG_WARN_BOOL_CONVERSION = YES;
				CLANG_WARN_COMMA = YES;
				CLANG_WARN_CONSTANT_CONVERSION = YES;
				CLANG_WARN_DEPRECATED_OBJC_IMPLEMENTATIONS = YES;
				CLANG_WARN_DIRECT_OBJC_ISA_USAGE = YES_ERROR;
				CLANG_WARN_DOCUMENTATION_COMMENTS = YES;
				CLANG_WARN_EMPTY_BODY = YES;
				CLANG_WARN_ENUM_CONVERSION = YES;
				CLANG_WARN_INFINITE_RECURSION = YES;
				CLANG_WARN_INT_CONVERSION = YES;
				CLANG_WARN_NON_LITERAL_NULL_CONVERSION = YES;
				CLANG_WARN_OBJC_IMPLICIT_RETAIN_SELF = YES;
				CLANG_WARN_OBJC_LITERAL_CONVERSION = YES;
				CLANG_WARN_OBJC_ROOT_CLASS = YES_ERROR;
				CLANG_WARN_QUOTED_INCLUDE_IN_FRAMEWORK_HEADER = YES;
				CLANG_WARN_RANGE_LOOP_ANALYSIS = YES;
				CLANG_WARN_STRICT_PROTOTYPES = YES;
				CLANG_WARN_SUSPICIOUS_MOVE = YES;
				CLANG_WARN_UNGUARDED_AVAILABILITY = YES_AGGRESSIVE;
				CLANG_WARN_UNREACHABLE_CODE = YES;
				CLANG_WARN__DUPLICATE_METHOD_MATCH = YES;
				COPY_PHASE_STRIP = NO;
				DEBUG_INFORMATION_FORMAT = dwarf;
				ENABLE_STRICT_OBJC_MSGSEND = YES;
				ENABLE_TESTABILITY = YES;
				GCC_C_LANGUAGE_STANDARD = gnu11;
				GCC_DYNAMIC_NO_PIC = NO;
				GCC_NO_COMMON_BLOCKS = YES;
				GCC_OPTIMIZATION_LEVEL = 0;
				GCC_PREPROCESSOR_DEFINITIONS = (
					"DEBUG=1",
					"$(inherited)",
				);
				GCC_WARN_64_TO_32_BIT_CONVERSION = YES;
				GCC_WARN_ABOUT_RETURN_TYPE = YES_ERROR;
				GCC_WARN_UNDECLARED_SELECTOR = YES;
				GCC_WARN_UNINITIALIZED_AUTOS = YES_AGGRESSIVE;
				GCC_WARN_UNUSED_FUNCTION = YES;
				GCC_WARN_UNUSED_VARIABLE = YES;
				IPHONEOS_DEPLOYMENT_TARGET = 14.5;
				MTL_ENABLE_DEBUG_INFO = INCLUDE_SOURCE;
				MTL_FAST_MATH = YES;
				ONLY_ACTIVE_ARCH = YES;
				SDKROOT = iphoneos;
				SWIFT_ACTIVE_COMPILATION_CONDITIONS = DEBUG;
				SWIFT_OPTIMIZATION_LEVEL = "-Onone";
			};
			name = Debug;
		};
		053DF21B26B0E5AB00D92E0D /* Release */ = {
			isa = XCBuildConfiguration;
			buildSettings = {
				ALWAYS_SEARCH_USER_PATHS = NO;
				CLANG_ANALYZER_NONNULL = YES;
				CLANG_ANALYZER_NUMBER_OBJECT_CONVERSION = YES_AGGRESSIVE;
				CLANG_CXX_LANGUAGE_STANDARD = "gnu++14";
				CLANG_CXX_LIBRARY = "libc++";
				CLANG_ENABLE_MODULES = YES;
				CLANG_ENABLE_OBJC_ARC = YES;
				CLANG_ENABLE_OBJC_WEAK = YES;
				CLANG_WARN_BLOCK_CAPTURE_AUTORELEASING = YES;
				CLANG_WARN_BOOL_CONVERSION = YES;
				CLANG_WARN_COMMA = YES;
				CLANG_WARN_CONSTANT_CONVERSION = YES;
				CLANG_WARN_DEPRECATED_OBJC_IMPLEMENTATIONS = YES;
				CLANG_WARN_DIRECT_OBJC_ISA_USAGE = YES_ERROR;
				CLANG_WARN_DOCUMENTATION_COMMENTS = YES;
				CLANG_WARN_EMPTY_BODY = YES;
				CLANG_WARN_ENUM_CONVERSION = YES;
				CLANG_WARN_INFINITE_RECURSION = YES;
				CLANG_WARN_INT_CONVERSION = YES;
				CLANG_WARN_NON_LITERAL_NULL_CONVERSION = YES;
				CLANG_WARN_OBJC_IMPLICIT_RETAIN_SELF = YES;
				CLANG_WARN_OBJC_LITERAL_CONVERSION = YES;
				CLANG_WARN_OBJC_ROOT_CLASS = YES_ERROR;
				CLANG_WARN_QUOTED_INCLUDE_IN_FRAMEWORK_HEADER = YES;
				CLANG_WARN_RANGE_LOOP_ANALYSIS = YES;
				CLANG_WARN_STRICT_PROTOTYPES = YES;
				CLANG_WARN_SUSPICIOUS_MOVE = YES;
				CLANG_WARN_UNGUARDED_AVAILABILITY = YES_AGGRESSIVE;
				CLANG_WARN_UNREACHABLE_CODE = YES;
				CLANG_WARN__DUPLICATE_METHOD_MATCH = YES;
				COPY_PHASE_STRIP = NO;
				DEBUG_INFORMATION_FORMAT = "dwarf-with-dsym";
				ENABLE_NS_ASSERTIONS = NO;
				ENABLE_STRICT_OBJC_MSGSEND = YES;
				GCC_C_LANGUAGE_STANDARD = gnu11;
				GCC_NO_COMMON_BLOCKS = YES;
				GCC_WARN_64_TO_32_BIT_CONVERSION = YES;
				GCC_WARN_ABOUT_RETURN_TYPE = YES_ERROR;
				GCC_WARN_UNDECLARED_SELECTOR = YES;
				GCC_WARN_UNINITIALIZED_AUTOS = YES_AGGRESSIVE;
				GCC_WARN_UNUSED_FUNCTION = YES;
				GCC_WARN_UNUSED_VARIABLE = YES;
				IPHONEOS_DEPLOYMENT_TARGET = 14.5;
				MTL_ENABLE_DEBUG_INFO = NO;
				MTL_FAST_MATH = YES;
				SDKROOT = iphoneos;
				SWIFT_COMPILATION_MODE = wholemodule;
				SWIFT_OPTIMIZATION_LEVEL = "-O";
				VALIDATE_PRODUCT = YES;
			};
			name = Release;
		};
		053DF21D26B0E5AB00D92E0D /* Debug */ = {
			isa = XCBuildConfiguration;
			buildSettings = {
				ASSETCATALOG_COMPILER_APPICON_NAME = AppIcon;
				ASSETCATALOG_COMPILER_GLOBAL_ACCENT_COLOR_NAME = AccentColor;
				CODE_SIGN_STYLE = Automatic;
				DEVELOPMENT_ASSET_PATHS = "\"CupCake Corner/Preview Content\"";
				ENABLE_PREVIEWS = YES;
				INFOPLIST_FILE = "CupCake Corner/Info.plist";
				IPHONEOS_DEPLOYMENT_TARGET = 14.0;
				LD_RUNPATH_SEARCH_PATHS = (
					"$(inherited)",
					"@executable_path/Frameworks",
				);
				PRODUCT_BUNDLE_IDENTIFIER = "com.CupCake.CupCake-Corner";
				PRODUCT_NAME = "$(TARGET_NAME)";
				SWIFT_VERSION = 5.0;
				TARGETED_DEVICE_FAMILY = "1,2";
			};
			name = Debug;
		};
		053DF21E26B0E5AB00D92E0D /* Release */ = {
			isa = XCBuildConfiguration;
			buildSettings = {
				ASSETCATALOG_COMPILER_APPICON_NAME = AppIcon;
				ASSETCATALOG_COMPILER_GLOBAL_ACCENT_COLOR_NAME = AccentColor;
				CODE_SIGN_STYLE = Automatic;
				DEVELOPMENT_ASSET_PATHS = "\"CupCake Corner/Preview Content\"";
				ENABLE_PREVIEWS = YES;
				INFOPLIST_FILE = "CupCake Corner/Info.plist";
				IPHONEOS_DEPLOYMENT_TARGET = 14.0;
				LD_RUNPATH_SEARCH_PATHS = (
					"$(inherited)",
					"@executable_path/Frameworks",
				);
				PRODUCT_BUNDLE_IDENTIFIER = "com.CupCake.CupCake-Corner";
				PRODUCT_NAME = "$(TARGET_NAME)";
				SWIFT_VERSION = 5.0;
				TARGETED_DEVICE_FAMILY = "1,2";
			};
			name = Release;
		};
		053DF22026B0E5AB00D92E0D /* Debug */ = {
			isa = XCBuildConfiguration;
			buildSettings = {
				ALWAYS_EMBED_SWIFT_STANDARD_LIBRARIES = YES;
				BUNDLE_LOADER = "$(TEST_HOST)";
				CODE_SIGN_STYLE = Automatic;
				INFOPLIST_FILE = "CupCake CornerTests/Info.plist";
				IPHONEOS_DEPLOYMENT_TARGET = 14.0;
				LD_RUNPATH_SEARCH_PATHS = (
					"$(inherited)",
					"@executable_path/Frameworks",
					"@loader_path/Frameworks",
				);
				PRODUCT_BUNDLE_IDENTIFIER = "com.CupCake.CupCake-CornerTests";
				PRODUCT_NAME = "$(TARGET_NAME)";
				SWIFT_VERSION = 5.0;
				TARGETED_DEVICE_FAMILY = "1,2";
				TEST_HOST = "$(BUILT_PRODUCTS_DIR)/CupCake Corner.app/CupCake Corner";
			};
			name = Debug;
		};
		053DF22126B0E5AB00D92E0D /* Release */ = {
			isa = XCBuildConfiguration;
			buildSettings = {
				ALWAYS_EMBED_SWIFT_STANDARD_LIBRARIES = YES;
				BUNDLE_LOADER = "$(TEST_HOST)";
				CODE_SIGN_STYLE = Automatic;
				INFOPLIST_FILE = "CupCake CornerTests/Info.plist";
				IPHONEOS_DEPLOYMENT_TARGET = 14.0;
				LD_RUNPATH_SEARCH_PATHS = (
					"$(inherited)",
					"@executable_path/Frameworks",
					"@loader_path/Frameworks",
				);
				PRODUCT_BUNDLE_IDENTIFIER = "com.CupCake.CupCake-CornerTests";
				PRODUCT_NAME = "$(TARGET_NAME)";
				SWIFT_VERSION = 5.0;
				TARGETED_DEVICE_FAMILY = "1,2";
				TEST_HOST = "$(BUILT_PRODUCTS_DIR)/CupCake Corner.app/CupCake Corner";
			};
			name = Release;
		};
		053DF22326B0E5AB00D92E0D /* Debug */ = {
			isa = XCBuildConfiguration;
			buildSettings = {
				ALWAYS_EMBED_SWIFT_STANDARD_LIBRARIES = YES;
				CODE_SIGN_STYLE = Automatic;
				INFOPLIST_FILE = "CupCake CornerUITests/Info.plist";
				LD_RUNPATH_SEARCH_PATHS = (
					"$(inherited)",
					"@executable_path/Frameworks",
					"@loader_path/Frameworks",
				);
				PRODUCT_BUNDLE_IDENTIFIER = "com.CupCake.CupCake-CornerUITests";
				PRODUCT_NAME = "$(TARGET_NAME)";
				SWIFT_VERSION = 5.0;
				TARGETED_DEVICE_FAMILY = "1,2";
				TEST_TARGET_NAME = "CupCake Corner";
			};
			name = Debug;
		};
		053DF22426B0E5AB00D92E0D /* Release */ = {
			isa = XCBuildConfiguration;
			buildSettings = {
				ALWAYS_EMBED_SWIFT_STANDARD_LIBRARIES = YES;
				CODE_SIGN_STYLE = Automatic;
				INFOPLIST_FILE = "CupCake CornerUITests/Info.plist";
				LD_RUNPATH_SEARCH_PATHS = (
					"$(inherited)",
					"@executable_path/Frameworks",
					"@loader_path/Frameworks",
				);
				PRODUCT_BUNDLE_IDENTIFIER = "com.CupCake.CupCake-CornerUITests";
				PRODUCT_NAME = "$(TARGET_NAME)";
				SWIFT_VERSION = 5.0;
				TARGETED_DEVICE_FAMILY = "1,2";
				TEST_TARGET_NAME = "CupCake Corner";
			};
			name = Release;
		};
/* End XCBuildConfiguration section */

/* Begin XCConfigurationList section */
		053DF1F226B0E5AA00D92E0D /* Build configuration list for PBXProject "CupCake Corner" */ = {
			isa = XCConfigurationList;
			buildConfigurations = (
				053DF21A26B0E5AB00D92E0D /* Debug */,
				053DF21B26B0E5AB00D92E0D /* Release */,
			);
			defaultConfigurationIsVisible = 0;
			defaultConfigurationName = Release;
		};
		053DF21C26B0E5AB00D92E0D /* Build configuration list for PBXNativeTarget "CupCake Corner" */ = {
			isa = XCConfigurationList;
			buildConfigurations = (
				053DF21D26B0E5AB00D92E0D /* Debug */,
				053DF21E26B0E5AB00D92E0D /* Release */,
			);
			defaultConfigurationIsVisible = 0;
			defaultConfigurationName = Release;
		};
		053DF21F26B0E5AB00D92E0D /* Build configuration list for PBXNativeTarget "CupCake CornerTests" */ = {
			isa = XCConfigurationList;
			buildConfigurations = (
				053DF22026B0E5AB00D92E0D /* Debug */,
				053DF22126B0E5AB00D92E0D /* Release */,
			);
			defaultConfigurationIsVisible = 0;
			defaultConfigurationName = Release;
		};
		053DF22226B0E5AB00D92E0D /* Build configuration list for PBXNativeTarget "CupCake CornerUITests" */ = {
			isa = XCConfigurationList;
			buildConfigurations = (
				053DF22326B0E5AB00D92E0D /* Debug */,
				053DF22426B0E5AB00D92E0D /* Release */,
			);
			defaultConfigurationIsVisible = 0;
			defaultConfigurationName = Release;
		};
/* End XCConfigurationList section */
	};
	rootObject = 053DF1EF26B0E5AA00D92E0D /* Project object */;
}
